
Microsoft Visual Studio Solution File, Format Version 12.00
# Visual Studio Version 16
VisualStudioVersion = 16.0.30413.136
MinimumVisualStudioVersion = 10.0.40219.1
Project("{FAE04EC0-301F-11D3-BF4B-00C04F79EFBC}") = "Forms_ControlWork", "Forms_ControlWork.csproj", "{F4DAAF6A-B5B2-45BC-9F66-A93D6FF443E6}"
EndProject
Global
	GlobalSection(SolutionConfigurationPlatforms) = preSolution
		Debug|Any CPU = Debug|Any CPU
		Release|Any CPU = Release|Any CPU
	EndGlobalSection
	GlobalSection(ProjectConfigurationPlatforms) = postSolution
		{F4DAAF6A-B5B2-45BC-9F66-A93D6FF443E6}.Debug|Any CPU.ActiveCfg = Debug|Any CPU
		{F4DAAF6A-B5B2-45BC-9F66-A93D6FF443E6}.Debug|Any CPU.Build.0 = Debug|Any CPU
		{F4DAAF6A-B5B2-45BC-9F66-A93D6FF443E6}.Release|Any CPU.ActiveCfg = Release|Any CPU
		{F4DAAF6A-B5B2-45BC-9F66-A93D6FF443E6}.Release|Any CPU.Build.0 = Release|Any CPU
	EndGlobalSection
	GlobalSection(SolutionProperties) = preSolution
		HideSolutionNode = FALSE
	EndGlobalSection
	GlobalSection(ExtensibilityGlobals) = postSolution
		SolutionGuid = {2B4AB925-87C9-47E9-92FB-1404FCF6CEEA}
	EndGlobalSection
EndGlobal
